
Microsoft Visual Studio Solution File, Format Version 12.00
# Visual Studio 15
VisualStudioVersion = 15.0.28307.779
MinimumVisualStudioVersion = 10.0.40219.1
Project("{F184B08F-C81C-45F6-A57F-5ABD9991F28F}") = "Introlabs", "Introlabs\Introlabs.vbproj", "{8EEDB5E8-7FB8-4D56-816A-9FE3B6325B8F}"
EndProject
Global
	GlobalSection(SolutionConfigurationPlatforms) = preSolution
		Debug|Any CPU = Debug|Any CPU
		Release|Any CPU = Release|Any CPU
	EndGlobalSection
	GlobalSection(ProjectConfigurationPlatforms) = postSolution
		{8EEDB5E8-7FB8-4D56-816A-9FE3B6325B8F}.Debug|Any CPU.ActiveCfg = Debug|Any CPU
		{8EEDB5E8-7FB8-4D56-816A-9FE3B6325B8F}.Debug|Any CPU.Build.0 = Debug|Any CPU
		{8EEDB5E8-7FB8-4D56-816A-9FE3B6325B8F}.Release|Any CPU.ActiveCfg = Release|Any CPU
		{8EEDB5E8-7FB8-4D56-816A-9FE3B6325B8F}.Release|Any CPU.Build.0 = Release|Any CPU
	EndGlobalSection
	GlobalSection(SolutionProperties) = preSolution
		HideSolutionNode = FALSE
	EndGlobalSection
	GlobalSection(ExtensibilityGlobals) = postSolution
		SolutionGuid = {00E7E639-2A8C-4EBF-84F7-5BAE07800EF0}
	EndGlobalSection
EndGlobal
